{
  "name": "middleman",
  "version": "0.1.0",
  "lockfileVersion": 1,
  "requires": true,
  "dependencies": {
    "@ant-design/colors": {
      "version": "6.0.0",
      "resolved": "https://registry.npmjs.org/@ant-design/colors/-/colors-6.0.0.tgz",
      "integrity": "sha512-qAZRvPzfdWHtfameEGP2Qvuf838NhergR35o+EuVyB5XvSA98xod5r4utvi4TJ3ywmevm290g9nsCG5MryrdWQ==",
      "requires": {
        "@ctrl/tinycolor": "^3.4.0"
      }
    },
    "@ant-design/icons": {
      "version": "4.7.0",
      "resolved": "https://registry.npmjs.org/@ant-design/icons/-/icons-4.7.0.tgz",
      "integrity": "sha512-aoB4Z7JA431rt6d4u+8xcNPPCrdufSRMUOpxa1ab6mz1JCQZOEVolj2WVs/tDFmN62zzK30mNelEsprLYsSF3g==",
      "requires": {
        "@ant-design/colors": "^6.0.0",
        "@ant-design/icons-svg": "^4.2.1",
        "@babel/runtime": "^7.11.2",
        "classnames": "^2.2.6",
        "rc-util": "^5.9.4"
      }
    },
    "@ant-design/icons-svg": {
      "version": "4.2.1",
      "resolved": "https://registry.npmjs.org/@ant-design/icons-svg/-/icons-svg-4.2.1.tgz",
      "integrity": "sha512-EB0iwlKDGpG93hW8f85CTJTs4SvMX7tt5ceupvhALp1IF44SeUFOMhKUOYqpsoYWQKAOuTRDMqn75rEaKDp0Xw=="
    },
    "@ant-design/react-slick": {
      "version": "0.29.2",
      "resolved": "https://registry.npmjs.org/@ant-design/react-slick/-/react-slick-0.29.2.tgz",
      "integrity": "sha512-kgjtKmkGHa19FW21lHnAfyyH9AAoh35pBdcJ53rHmQ3O+cfFHGHnUbj/HFrRNJ5vIts09FKJVAD8RpaC+RaWfA==",
      "requires": {
        "@babel/runtime": "^7.10.4",
        "classnames": "^2.2.5",
        "json2mq": "^0.2.0",
        "lodash": "^4.17.21",
        "resize-observer-polyfill": "^1.5.1"
      }
    },
    "@babel/runtime": {
      "version": "7.20.1",
      "resolved": "https://registry.npmjs.org/@babel/runtime/-/runtime-7.20.1.tgz",
      "integrity": "sha512-mrzLkl6U9YLF8qpqI7TB82PESyEGjm/0Ly91jG575eVxMMlb8fYfOXFZIJ8XfLrJZQbm7dlKry2bJmXBUEkdFg==",
      "requires": {
        "regenerator-runtime": "^0.13.10"
      }
    },
    "@ctrl/tinycolor": {
      "version": "3.4.1",
      "resolved": "https://registry.npmjs.org/@ctrl/tinycolor/-/tinycolor-3.4.1.tgz",
      "integrity": "sha512-ej5oVy6lykXsvieQtqZxCOaLT+xD4+QNarq78cIYISHmZXshCvROLudpQN3lfL8G0NL7plMSSK+zlyvCaIJ4Iw=="
    },
    "@fortawesome/fontawesome-common-types": {
      "version": "0.2.36",
      "resolved": "https://registry.npmjs.org/@fortawesome/fontawesome-common-types/-/fontawesome-common-types-0.2.36.tgz",
      "integrity": "sha512-a/7BiSgobHAgBWeN7N0w+lAhInrGxksn13uK7231n2m8EDPE3BMCl9NZLTGrj9ZXfCmC6LM0QLqXidIizVQ6yg=="
    },
    "@fortawesome/fontawesome-svg-core": {
      "version": "1.2.36",
      "resolved": "https://registry.npmjs.org/@fortawesome/fontawesome-svg-core/-/fontawesome-svg-core-1.2.36.tgz",
      "integrity": "sha512-YUcsLQKYb6DmaJjIHdDWpBIGCcyE/W+p/LMGvjQem55Mm2XWVAP5kWTMKWLv9lwpCVjpLxPyOMOyUocP1GxrtA==",
      "requires": {
        "@fortawesome/fontawesome-common-types": "^0.2.36"
      }
    },
    "@fortawesome/free-solid-svg-icons": {
      "version": "5.15.4",
      "resolved": "https://registry.npmjs.org/@fortawesome/free-solid-svg-icons/-/free-solid-svg-icons-5.15.4.tgz",
      "integrity": "sha512-JLmQfz6tdtwxoihXLg6lT78BorrFyCf59SAwBM6qV/0zXyVeDygJVb3fk+j5Qat+Yvcxp1buLTY5iDh1ZSAQ8w==",
      "requires": {
        "@fortawesome/fontawesome-common-types": "^0.2.36"
      }
    },
    "@fortawesome/react-fontawesome": {
      "version": "0.1.19",
      "resolved": "https://registry.npmjs.org/@fortawesome/react-fontawesome/-/react-fontawesome-0.1.19.tgz",
      "integrity": "sha512-Hyb+lB8T18cvLNX0S3llz7PcSOAJMLwiVKBuuzwM/nI5uoBw+gQjnf9il0fR1C3DKOI5Kc79pkJ4/xB0Uw9aFQ==",
      "requires": {
        "prop-types": "^15.8.1"
      },
      "dependencies": {
        "prop-types": {
          "version": "15.8.1",
          "resolved": "https://registry.npmjs.org/prop-types/-/prop-types-15.8.1.tgz",
          "integrity": "sha512-oj87CgZICdulUohogVAR7AjlC0327U4el4L6eAvOqCeudMDVU0NThNaV+b9Df4dXgSP1gXMTnPdhfe/2qDH5cg==",
          "requires": {
            "loose-envify": "^1.4.0",
            "object-assign": "^4.1.1",
            "react-is": "^16.13.1"
          }
        },
        "react-is": {
          "version": "16.13.1",
          "resolved": "https://registry.npmjs.org/react-is/-/react-is-16.13.1.tgz",
          "integrity": "sha512-24e6ynE2H+OKt4kqsOvNd8kBpV65zoxbA4BVsEOB3ARVWQki/DHzaUoC5KuON/BiccDaCCTZBuOcfZs70kR8bQ=="
        }
      }
    },
    "@hypnosphi/create-react-context": {
      "version": "0.3.1",
      "resolved": "https://registry.npmjs.org/@hypnosphi/create-react-context/-/create-react-context-0.3.1.tgz",
      "integrity": "sha512-V1klUed202XahrWJLLOT3EXNeCpFHCcJntdFGI15ntCwau+jfT386w7OFTMaCqOgXUH1fa0w/I1oZs+i/Rfr0A==",
      "requires": {
        "gud": "^1.0.0",
        "warning": "^4.0.3"
      }
    },
    "@next/env": {
      "version": "13.0.2",
      "resolved": "https://registry.npmjs.org/@next/env/-/env-13.0.2.tgz",
      "integrity": "sha512-Qb6WPuRriGIQ19qd6NBxpcrFOfj8ziN7l9eZUfwff5gl4zLXluqtuZPddYZM/oWjN53ZYcuRXzL+oowKyJeYtA=="
    },
    "@next/swc-android-arm-eabi": {
      "version": "13.0.2",
      "resolved": "https://registry.npmjs.org/@next/swc-android-arm-eabi/-/swc-android-arm-eabi-13.0.2.tgz",
      "integrity": "sha512-X54UQCTFyOGnJP//Z71dPPlp4BCYcQL2ncikKXQcPzVpqPs4C3m+tKC8ivBNH6edAXkppwsLRz1/yQwgSZ9Swg==",
      "optional": true
    },
    "@next/swc-android-arm64": {
      "version": "13.0.2",
      "resolved": "https://registry.npmjs.org/@next/swc-android-arm64/-/swc-android-arm64-13.0.2.tgz",
      "integrity": "sha512-1P00Kv8uKaLubqo7JzPrTqgFAzSOmfb8iwqJrOb9in5IvTRtNGlkR4hU0sXzqbQNM/+SaYxze6Z5ry1IDyb/cQ==",
      "optional": true
    },
    "@next/swc-darwin-arm64": {
      "version": "13.0.2",
      "resolved": "https://registry.npmjs.org/@next/swc-darwin-arm64/-/swc-darwin-arm64-13.0.2.tgz",
      "integrity": "sha512-1zGIOkInkOLRv0QQGZ+3wffYsyKI4vIy62LYTvDWUn7TAYqnmXwougp9NSLqDeagLwgsv2URrykyAFixA/YqxA==",
      "optional": true
    },
    "@next/swc-darwin-x64": {
      "version": "13.0.2",
      "resolved": "https://registry.npmjs.org/@next/swc-darwin-x64/-/swc-darwin-x64-13.0.2.tgz",
      "integrity": "sha512-ECDAjoMP1Y90cARaelS6X+k6BQx+MikAYJ8f/eaJrLur44NIOYc9HA/dgcTp5jenguY4yT8V+HCquLjAVle6fA==",
      "optional": true
    },
    "@next/swc-freebsd-x64": {
      "version": "13.0.2",
      "resolved": "https://registry.npmjs.org/@next/swc-freebsd-x64/-/swc-freebsd-x64-13.0.2.tgz",
      "integrity": "sha512-2DcL/ofQdBnQX3IoI9sjlIAyLCD1oZoUBuhrhWbejvBQjutWrI0JTEv9uG69WcxWhVMm3BCsjv8GK2/68OKp7A==",
      "optional": true
    },
    "@next/swc-linux-arm-gnueabihf": {
      "version": "13.0.2",
      "resolved": "https://registry.npmjs.org/@next/swc-linux-arm-gnueabihf/-/swc-linux-arm-gnueabihf-13.0.2.tgz",
      "integrity": "sha512-Y3OQF1CSBSWW2vGkmvOIuOUNqOq8qX7f1ZpcKUVWP3/Uq++DZmVi9d18lgnSe1I3QFqc+nXWyun9ljsN83j0sw==",
      "optional": true
    },
    "@next/swc-linux-arm64-gnu": {
      "version": "13.0.2",
      "resolved": "https://registry.npmjs.org/@next/swc-linux-arm64-gnu/-/swc-linux-arm64-gnu-13.0.2.tgz",
      "integrity": "sha512-mNyzwsFF6kwZYEjnGicx9ksDZYEZvyzEc1BtCu8vdZi/v8UeixQwCiAT6FyYX9uxMPEkzk8qiU0t0u9gvltsKw==",
      "optional": true
    },
    "@next/swc-linux-arm64-musl": {
      "version": "13.0.2",
      "resolved": "https://registry.npmjs.org/@next/swc-linux-arm64-musl/-/swc-linux-arm64-musl-13.0.2.tgz",
      "integrity": "sha512-M6SdYjWgRrY3tJBxz0663zCRPTu5BRONmxlftKWWHv9LjAJ59neTLaGj4rp0A08DkJglZIoCkLOzLrzST6TGag==",
      "optional": true
    },
    "@next/swc-linux-x64-gnu": {
      "version": "13.0.2",
      "resolved": "https://registry.npmjs.org/@next/swc-linux-x64-gnu/-/swc-linux-x64-gnu-13.0.2.tgz",
      "integrity": "sha512-pi63RoxvG4ES1KS06Zpm0MATVIXTs/TIbLbdckeLoM40u1d3mQl/+hSSrLRSxzc2OtyL8fh92sM4gkJrQXAMAw==",
      "optional": true
    },
    "@next/swc-linux-x64-musl": {
      "version": "13.0.2",
      "resolved": "https://registry.npmjs.org/@next/swc-linux-x64-musl/-/swc-linux-x64-musl-13.0.2.tgz",
      "integrity": "sha512-9Pv91gfYnDONgjtRm78n64b/c54+azeHtlnqBLTnIFWSMBDRl1/WDkhKWIj3fBGPLimtK7Tko3ULR3og9RRUPw==",
      "optional": true
    },
    "@next/swc-win32-arm64-msvc": {
      "version": "13.0.2",
      "resolved": "https://registry.npmjs.org/@next/swc-win32-arm64-msvc/-/swc-win32-arm64-msvc-13.0.2.tgz",
      "integrity": "sha512-Nvewe6YZaizAkGHHprbMkYqQulBjZCHKBGKeFPwoPtOA+a2Qi4pZzc/qXFyC5/2A6Z0mr2U1zg9rd04WBYMwBw==",
      "optional": true
    },
    "@next/swc-win32-ia32-msvc": {
      "version": "13.0.2",
      "resolved": "https://registry.npmjs.org/@next/swc-win32-ia32-msvc/-/swc-win32-ia32-msvc-13.0.2.tgz",
      "integrity": "sha512-ZUBYGZw5G3QrqDpRq1EWi3aHmvPZM8ijK5TFL6UbH16cYQ0JpANmuG2P66KB93Qe/lWWzbeAZk/tj1XqwoCuPA==",
      "optional": true
    },
    "@next/swc-win32-x64-msvc": {
      "version": "13.0.2",
      "resolved": "https://registry.npmjs.org/@next/swc-win32-x64-msvc/-/swc-win32-x64-msvc-13.0.2.tgz",
      "integrity": "sha512-fA9uW1dm7C0mEYGcKlbmLcVm2sKcye+1kPxh2cM4jVR+kQQMtHWsjIzeSpe2grQLSDan06z4n6hbr8b1c3hA8w==",
      "optional": true
    },
    "@rc-component/portal": {
      "version": "1.0.2",
      "resolved": "https://registry.npmjs.org/@rc-component/portal/-/portal-1.0.2.tgz",
      "integrity": "sha512-fEfbp5PcE+63zukZFLxqtPz7JSX4G5s6IUIqodLeoVeZ9I0mN1OGjOFDDX/BOpGxdoviH7xchIHxYxXJn2ReRg==",
      "requires": {
        "@babel/runtime": "^7.18.0",
        "classnames": "^2.3.2",
        "rc-util": "^5.16.0"
      }
    },
    "@semantic-ui-react/event-stack": {
      "version": "3.1.3",
      "resolved": "https://registry.npmjs.org/@semantic-ui-react/event-stack/-/event-stack-3.1.3.tgz",
      "integrity": "sha512-FdTmJyWvJaYinHrKRsMLDrz4tTMGdFfds299Qory53hBugiDvGC0tEJf+cHsi5igDwWb/CLOgOiChInHwq8URQ==",
      "requires": {
        "exenv": "^1.2.2",
        "prop-types": "^15.6.2"
      }
    },
    "@stardust-ui/react-component-event-listener": {
      "version": "0.38.0",
      "resolved": "https://registry.npmjs.org/@stardust-ui/react-component-event-listener/-/react-component-event-listener-0.38.0.tgz",
      "integrity": "sha512-sIP/e0dyOrrlb8K7KWumfMxj/gAifswTBC4o68Aa+C/GA73ccRp/6W1VlHvF/dlOR4KLsA+5SKnhjH36xzPsWg==",
      "requires": {
        "@babel/runtime": "^7.1.2",
        "prop-types": "^15.7.2"
      }
    },
    "@stardust-ui/react-component-ref": {
      "version": "0.38.0",
      "resolved": "https://registry.npmjs.org/@stardust-ui/react-component-ref/-/react-component-ref-0.38.0.tgz",
      "integrity": "sha512-xjs6WnvJVueSIXMWw0C3oWIgAPpcD03qw43oGOjUXqFktvpNkB73JoKIhS4sCrtQxBdct75qqr4ZL6JiyPcESw==",
      "requires": {
        "@babel/runtime": "^7.1.2",
        "prop-types": "^15.7.2",
        "react-is": "^16.6.3"
      }
    },
    "@swc/helpers": {
      "version": "0.4.11",
      "resolved": "https://registry.npmjs.org/@swc/helpers/-/helpers-0.4.11.tgz",
      "integrity": "sha512-rEUrBSGIoSFuYxwBYtlUFMlE2CwGhmW+w9355/5oduSw8e5h2+Tj4UrAGNNgP9915++wj5vkQo0UuOBqOAq4nw==",
      "requires": {
        "tslib": "^2.4.0"
      }
    },
    "antd": {
      "version": "4.24.1",
      "resolved": "https://registry.npmjs.org/antd/-/antd-4.24.1.tgz",
      "integrity": "sha512-YzHOODx3kbgUKQ7FouuukkkWzLGnbAjIxN6VShOnzOiRWe8EHo7wXyM8De0cASjw/8+SmrqyyK0np+ohQ7WntQ==",
      "requires": {
        "@ant-design/colors": "^6.0.0",
        "@ant-design/icons": "^4.7.0",
        "@ant-design/react-slick": "~0.29.1",
        "@babel/runtime": "^7.18.3",
        "@ctrl/tinycolor": "^3.4.0",
        "classnames": "^2.2.6",
        "copy-to-clipboard": "^3.2.0",
        "lodash": "^4.17.21",
        "moment": "^2.29.2",
        "rc-cascader": "~3.7.0",
        "rc-checkbox": "~2.3.0",
        "rc-collapse": "~3.4.2",
        "rc-dialog": "~9.0.2",
        "rc-drawer": "~6.0.0",
        "rc-dropdown": "~4.0.0",
        "rc-field-form": "~1.27.0",
        "rc-image": "~5.9.0",
        "rc-input": "~0.1.4",
        "rc-input-number": "~7.3.9",
        "rc-mentions": "~1.10.0",
        "rc-menu": "~9.6.3",
        "rc-motion": "^2.6.1",
        "rc-notification": "~4.6.0",
        "rc-pagination": "~3.1.17",
        "rc-picker": "~2.6.11",
        "rc-progress": "~3.4.1",
        "rc-rate": "~2.9.0",
        "rc-resize-observer": "^1.2.0",
        "rc-segmented": "~2.1.0",
        "rc-select": "~14.1.13",
        "rc-slider": "~10.0.0",
        "rc-steps": "~5.0.0-alpha.2",
        "rc-switch": "~3.2.0",
        "rc-table": "~7.26.0",
        "rc-tabs": "~12.2.0",
        "rc-textarea": "~0.4.5",
        "rc-tooltip": "~5.2.0",
        "rc-tree": "~5.7.0",
        "rc-tree-select": "~5.5.0",
        "rc-trigger": "^5.2.10",
        "rc-upload": "~4.3.0",
        "rc-util": "^5.22.5",
        "scroll-into-view-if-needed": "^2.2.25"
      }
    },
    "array-tree-filter": {
      "version": "2.1.0",
      "resolved": "https://registry.npmjs.org/array-tree-filter/-/array-tree-filter-2.1.0.tgz",
      "integrity": "sha512-4ROwICNlNw/Hqa9v+rk5h22KjmzB1JGTMVKP2AKJBOCgb0yL0ASf0+YvCcLNNwquOHNX48jkeZIJ3a+oOQqKcw=="
    },
    "async-validator": {
      "version": "4.2.5",
      "resolved": "https://registry.npmjs.org/async-validator/-/async-validator-4.2.5.tgz",
      "integrity": "sha512-7HhHjtERjqlNbZtqNqy2rckN/SpOOlmDliet+lP7k+eKZEjPk3DgyeU9lIXLdeLz0uBbbVp+9Qdow9wJWgwwfg=="
    },
    "call-bind": {
      "version": "1.0.2",
      "resolved": "https://registry.npmjs.org/call-bind/-/call-bind-1.0.2.tgz",
      "integrity": "sha512-7O+FbCihrB5WGbFYesctwmTKae6rOiIzmz1icreWJ+0aA7LJfuqhEso2T9ncpcFtzMQtzXf2QGGueWJGTYsqrA==",
      "requires": {
        "function-bind": "^1.1.1",
        "get-intrinsic": "^1.0.2"
      }
    },
    "caniuse-lite": {
      "version": "1.0.30001431",
      "resolved": "https://registry.npmjs.org/caniuse-lite/-/caniuse-lite-1.0.30001431.tgz",
      "integrity": "sha512-zBUoFU0ZcxpvSt9IU66dXVT/3ctO1cy4y9cscs1szkPlcWb6pasYM144GqrUygUbT+k7cmUCW61cvskjcv0enQ=="
    },
    "classnames": {
      "version": "2.3.2",
      "resolved": "https://registry.npmjs.org/classnames/-/classnames-2.3.2.tgz",
      "integrity": "sha512-CSbhY4cFEJRe6/GQzIk5qXZ4Jeg5pcsP7b5peFSDpffpe1cqjASH/n9UTjBwOp6XpMSTwQ8Za2K5V02ueA7Tmw=="
    },
    "client-only": {
      "version": "0.0.1",
      "resolved": "https://registry.npmjs.org/client-only/-/client-only-0.0.1.tgz",
      "integrity": "sha512-IV3Ou0jSMzZrd3pZ48nLkT9DA7Ag1pnPzaiQhpW7c3RbcqqzvzzVu+L8gfqMp/8IM2MQtSiqaCxrrcfu8I8rMA=="
    },
    "compute-scroll-into-view": {
      "version": "1.0.17",
      "resolved": "https://registry.npmjs.org/compute-scroll-into-view/-/compute-scroll-into-view-1.0.17.tgz",
      "integrity": "sha512-j4dx+Fb0URmzbwwMUrhqWM2BEWHdFGx+qZ9qqASHRPqvTYdqvWnHg0H1hIbcyLnvgnoNAVMlwkepyqM3DaIFUg=="
    },
    "copy-to-clipboard": {
      "version": "3.3.2",
      "resolved": "https://registry.npmjs.org/copy-to-clipboard/-/copy-to-clipboard-3.3.2.tgz",
      "integrity": "sha512-Vme1Z6RUDzrb6xAI7EZlVZ5uvOk2F//GaxKUxajDqm9LhOVM1inxNAD2vy+UZDYsd0uyA9s7b3/FVZPSxqrCfg==",
      "requires": {
        "toggle-selection": "^1.0.6"
      }
    },
    "date-fns": {
      "version": "2.29.3",
      "resolved": "https://registry.npmjs.org/date-fns/-/date-fns-2.29.3.tgz",
      "integrity": "sha512-dDCnyH2WnnKusqvZZ6+jA1O51Ibt8ZMRNkDZdyAyK4YfbDwa/cEmuztzG5pk6hqlp9aSBPYcjOlktquahGwGeA=="
    },
    "dayjs": {
      "version": "1.11.6",
      "resolved": "https://registry.npmjs.org/dayjs/-/dayjs-1.11.6.tgz",
      "integrity": "sha512-zZbY5giJAinCG+7AGaw0wIhNZ6J8AhWuSXKvuc1KAyMiRsvGQWqh4L+MomvhdAYjN+lqvVCMq1I41e3YHvXkyQ=="
    },
    "deep-equal": {
      "version": "1.1.1",
      "resolved": "https://registry.npmjs.org/deep-equal/-/deep-equal-1.1.1.tgz",
      "integrity": "sha512-yd9c5AdiqVcR+JjcwUQb9DkhJc8ngNr0MahEBGvDiJw8puWab2yZlh+nkasOnZP+EGTAP6rRp2JzJhJZzvNF8g==",
      "requires": {
        "is-arguments": "^1.0.4",
        "is-date-object": "^1.0.1",
        "is-regex": "^1.0.4",
        "object-is": "^1.0.1",
        "object-keys": "^1.1.1",
        "regexp.prototype.flags": "^1.2.0"
      }
    },
    "define-properties": {
      "version": "1.1.4",
      "resolved": "https://registry.npmjs.org/define-properties/-/define-properties-1.1.4.tgz",
      "integrity": "sha512-uckOqKcfaVvtBdsVkdPv3XjveQJsNQqmhXgRi8uhvWWuPYZCNlzT8qAyblUgNoXdHdjMTzAqeGjAoli8f+bzPA==",
      "requires": {
        "has-property-descriptors": "^1.0.0",
        "object-keys": "^1.1.1"
      }
    },
    "dom-align": {
      "version": "1.12.3",
      "resolved": "https://registry.npmjs.org/dom-align/-/dom-align-1.12.3.tgz",
      "integrity": "sha512-Gj9hZN3a07cbR6zviMUBOMPdWxYhbMI+x+WS0NAIu2zFZmbK8ys9R79g+iG9qLnlCwpFoaB+fKy8Pdv470GsPA=="
    },
    "exenv": {
      "version": "1.2.2",
      "resolved": "https://registry.npmjs.org/exenv/-/exenv-1.2.2.tgz",
      "integrity": "sha512-Z+ktTxTwv9ILfgKCk32OX3n/doe+OcLTRtqK9pcL+JsP3J1/VW8Uvl4ZjLlKqeW4rzK4oesDOGMEMRIZqtP4Iw=="
    },
    "function-bind": {
      "version": "1.1.1",
      "resolved": "https://registry.npmjs.org/function-bind/-/function-bind-1.1.1.tgz",
      "integrity": "sha512-yIovAzMX49sF8Yl58fSCWJ5svSLuaibPxXQJFLmBObTuCr0Mf1KiPopGM9NiFjiYBCbfaa2Fh6breQ6ANVTI0A=="
    },
    "functions-have-names": {
      "version": "1.2.3",
      "resolved": "https://registry.npmjs.org/functions-have-names/-/functions-have-names-1.2.3.tgz",
      "integrity": "sha512-xckBUXyTIqT97tq2x2AMb+g163b5JFysYk0x4qxNFwbfQkmNZoiRHb6sPzI9/QV33WeuvVYBUIiD4NzNIyqaRQ=="
    },
    "get-intrinsic": {
      "version": "1.1.3",
      "resolved": "https://registry.npmjs.org/get-intrinsic/-/get-intrinsic-1.1.3.tgz",
      "integrity": "sha512-QJVz1Tj7MS099PevUG5jvnt9tSkXN8K14dxQlikJuPt4uD9hHAHjLyLBiLR5zELelBdD9QNRAXZzsJx0WaDL9A==",
      "requires": {
        "function-bind": "^1.1.1",
        "has": "^1.0.3",
        "has-symbols": "^1.0.3"
      }
    },
    "gud": {
      "version": "1.0.0",
      "resolved": "https://registry.npmjs.org/gud/-/gud-1.0.0.tgz",
      "integrity": "sha512-zGEOVKFM5sVPPrYs7J5/hYEw2Pof8KCyOwyhG8sAF26mCAeUFAcYPu1mwB7hhpIP29zOIBaDqwuHdLp0jvZXjw=="
    },
    "has": {
      "version": "1.0.3",
      "resolved": "https://registry.npmjs.org/has/-/has-1.0.3.tgz",
      "integrity": "sha512-f2dvO0VU6Oej7RkWJGrehjbzMAjFp5/VKPp5tTpWIV4JHHZK1/BxbFRtf/siA2SWTe09caDmVtYYzWEIbBS4zw==",
      "requires": {
        "function-bind": "^1.1.1"
      }
    },
    "has-property-descriptors": {
      "version": "1.0.0",
      "resolved": "https://registry.npmjs.org/has-property-descriptors/-/has-property-descriptors-1.0.0.tgz",
      "integrity": "sha512-62DVLZGoiEBDHQyqG4w9xCuZ7eJEwNmJRWw2VY84Oedb7WFcA27fiEVe8oUQx9hAUJ4ekurquucTGwsyO1XGdQ==",
      "requires": {
        "get-intrinsic": "^1.1.1"
      }
    },
    "has-symbols": {
      "version": "1.0.3",
      "resolved": "https://registry.npmjs.org/has-symbols/-/has-symbols-1.0.3.tgz",
      "integrity": "sha512-l3LCuF6MgDNwTDKkdYGEihYjt5pRPbEg46rtlmnSPlUbgmB8LOIrKJbYYFBSbnPaJexMKtiPO8hmeRjRz2Td+A=="
    },
    "has-tostringtag": {
      "version": "1.0.0",
      "resolved": "https://registry.npmjs.org/has-tostringtag/-/has-tostringtag-1.0.0.tgz",
      "integrity": "sha512-kFjcSNhnlGV1kyoGk7OXKSawH5JOb/LzUc5w9B02hOTO0dfFRjbHQKvg1d6cf3HbeUmtU9VbbV3qzZ2Teh97WQ==",
      "requires": {
        "has-symbols": "^1.0.2"
      }
    },
    "is-arguments": {
      "version": "1.1.1",
      "resolved": "https://registry.npmjs.org/is-arguments/-/is-arguments-1.1.1.tgz",
      "integrity": "sha512-8Q7EARjzEnKpt/PCD7e1cgUS0a6X8u5tdSiMqXhojOdoV9TsMsiO+9VLC5vAmO8N7/GmXn7yjR8qnA6bVAEzfA==",
      "requires": {
        "call-bind": "^1.0.2",
        "has-tostringtag": "^1.0.0"
      }
    },
    "is-date-object": {
      "version": "1.0.5",
      "resolved": "https://registry.npmjs.org/is-date-object/-/is-date-object-1.0.5.tgz",
      "integrity": "sha512-9YQaSxsAiSwcvS33MBk3wTCVnWK+HhF8VZR2jRxehM16QcVOdHqPn4VPHmRK4lSr38n9JriurInLcP90xsYNfQ==",
      "requires": {
        "has-tostringtag": "^1.0.0"
      }
    },
    "is-regex": {
      "version": "1.1.4",
      "resolved": "https://registry.npmjs.org/is-regex/-/is-regex-1.1.4.tgz",
      "integrity": "sha512-kvRdxDsxZjhzUX07ZnLydzS1TU/TJlTUHHY4YLL87e37oUA49DfkLqgy+VjFocowy29cKvcSiu+kIv728jTTVg==",
      "requires": {
        "call-bind": "^1.0.2",
        "has-tostringtag": "^1.0.0"
      }
    },
    "jquery": {
      "version": "3.6.1",
      "resolved": "https://registry.npmjs.org/jquery/-/jquery-3.6.1.tgz",
      "integrity": "sha512-opJeO4nCucVnsjiXOE+/PcCgYw9Gwpvs/a6B1LL/lQhwWwpbVEVYDZ1FokFr8PRc7ghYlrFPuyHuiiDNTQxmcw=="
    },
    "js-tokens": {
      "version": "4.0.0",
      "resolved": "https://registry.npmjs.org/js-tokens/-/js-tokens-4.0.0.tgz",
      "integrity": "sha512-RdJUflcE3cUzKiMqQgsCu06FPu9UdIJO0beYbPhHN4k6apgJtifcoCtT9bcxOpYBtpD2kCM6Sbzg4CausW/PKQ=="
    },
    "json2mq": {
      "version": "0.2.0",
      "resolved": "https://registry.npmjs.org/json2mq/-/json2mq-0.2.0.tgz",
      "integrity": "sha512-SzoRg7ux5DWTII9J2qkrZrqV1gt+rTaoufMxEzXbS26Uid0NwaJd123HcoB80TgubEppxxIGdNxCx50fEoEWQA==",
      "requires": {
        "string-convert": "^0.2.0"
      }
    },
    "keyboard-key": {
      "version": "1.1.0",
      "resolved": "https://registry.npmjs.org/keyboard-key/-/keyboard-key-1.1.0.tgz",
      "integrity": "sha512-qkBzPTi3rlAKvX7k0/ub44sqOfXeLc/jcnGGmj5c7BJpU8eDrEVPyhCvNYAaoubbsLm9uGWwQJO1ytQK1a9/dQ=="
    },
    "lodash": {
      "version": "4.17.21",
      "resolved": "https://registry.npmjs.org/lodash/-/lodash-4.17.21.tgz",
      "integrity": "sha512-v2kDEe57lecTulaDIuNTPy3Ry4gLGJ6Z1O3vE1krgXZNrsQ+LFTGHVxVjcXPs17LhbZVGedAJv8XZ1tvj5FvSg=="
    },
    "loose-envify": {
      "version": "1.4.0",
      "resolved": "https://registry.npmjs.org/loose-envify/-/loose-envify-1.4.0.tgz",
      "integrity": "sha512-lyuxPGr/Wfhrlem2CL/UcnUc1zcqKAImBDzukY7Y5F/yQiNdko6+fRLevlw1HgMySw7f611UIY408EtxRSoK3Q==",
      "requires": {
        "js-tokens": "^3.0.0 || ^4.0.0"
      }
    },
    "moment": {
      "version": "2.29.4",
      "resolved": "https://registry.npmjs.org/moment/-/moment-2.29.4.tgz",
      "integrity": "sha512-5LC9SOxjSc2HF6vO2CyuTDNivEdoz2IvyJJGj6X8DJ0eFyfszE0QiEd+iXmBvUP3WHxSjFH/vIsA0EN00cgr8w=="
    },
    "nanoid": {
      "version": "3.3.4",
      "resolved": "https://registry.npmjs.org/nanoid/-/nanoid-3.3.4.tgz",
      "integrity": "sha512-MqBkQh/OHTS2egovRtLk45wEyNXwF+cokD+1YPf9u5VfJiRdAiRwB2froX5Co9Rh20xs4siNPm8naNotSD6RBw=="
    },
    "next": {
      "version": "13.0.2",
      "resolved": "https://registry.npmjs.org/next/-/next-13.0.2.tgz",
      "integrity": "sha512-uQ5z5e4D9mOe8+upy6bQdYYjo/kk1v3jMW87kTy2TgAyAsEO+CkwRnMgyZ4JoHEnhPZLHwh7dk0XymRNLe1gFw==",
      "requires": {
        "@next/env": "13.0.2",
        "@next/swc-android-arm-eabi": "13.0.2",
        "@next/swc-android-arm64": "13.0.2",
        "@next/swc-darwin-arm64": "13.0.2",
        "@next/swc-darwin-x64": "13.0.2",
        "@next/swc-freebsd-x64": "13.0.2",
        "@next/swc-linux-arm-gnueabihf": "13.0.2",
        "@next/swc-linux-arm64-gnu": "13.0.2",
        "@next/swc-linux-arm64-musl": "13.0.2",
        "@next/swc-linux-x64-gnu": "13.0.2",
        "@next/swc-linux-x64-musl": "13.0.2",
        "@next/swc-win32-arm64-msvc": "13.0.2",
        "@next/swc-win32-ia32-msvc": "13.0.2",
        "@next/swc-win32-x64-msvc": "13.0.2",
        "@swc/helpers": "0.4.11",
        "caniuse-lite": "^1.0.30001406",
        "postcss": "8.4.14",
        "styled-jsx": "5.1.0",
        "use-sync-external-store": "1.2.0"
      }
    },
    "object-assign": {
      "version": "4.1.1",
      "resolved": "https://registry.npmjs.org/object-assign/-/object-assign-4.1.1.tgz",
      "integrity": "sha1-IQmtx5ZYh8/AXLvUQsrIv7s2CGM="
    },
    "object-is": {
      "version": "1.1.5",
      "resolved": "https://registry.npmjs.org/object-is/-/object-is-1.1.5.tgz",
      "integrity": "sha512-3cyDsyHgtmi7I7DfSSI2LDp6SK2lwvtbg0p0R1e0RvTqF5ceGx+K2dfSjm1bKDMVCFEDAQvy+o8c6a7VujOddw==",
      "requires": {
        "call-bind": "^1.0.2",
        "define-properties": "^1.1.3"
      }
    },
    "object-keys": {
      "version": "1.1.1",
      "resolved": "https://registry.npmjs.org/object-keys/-/object-keys-1.1.1.tgz",
      "integrity": "sha512-NuAESUOUMrlIXOfHKzD6bpPu3tYt3xvjNdRIQ+FeT0lNb4K8WR70CaDxhuNguS2XG+GjkyMwOzsN5ZktImfhLA=="
    },
    "picocolors": {
      "version": "1.0.0",
      "resolved": "https://registry.npmjs.org/picocolors/-/picocolors-1.0.0.tgz",
      "integrity": "sha512-1fygroTLlHu66zi26VoTDv8yRgm0Fccecssto+MhsZ0D/DGW2sm8E8AjW7NU5VVTRt5GxbeZ5qBuJr+HyLYkjQ=="
    },
    "popper.js": {
      "version": "1.16.1",
      "resolved": "https://registry.npmjs.org/popper.js/-/popper.js-1.16.1.tgz",
      "integrity": "sha512-Wb4p1J4zyFTbM+u6WuO4XstYx4Ky9Cewe4DWrel7B0w6VVICvPwdOpotjzcf6eD8TsckVnIMNONQyPIUFOUbCQ=="
    },
    "postcss": {
      "version": "8.4.14",
      "resolved": "https://registry.npmjs.org/postcss/-/postcss-8.4.14.tgz",
      "integrity": "sha512-E398TUmfAYFPBSdzgeieK2Y1+1cpdxJx8yXbK/m57nRhKSmk1GB2tO4lbLBtlkfPQTDKfe4Xqv1ASWPpayPEig==",
      "requires": {
        "nanoid": "^3.3.4",
        "picocolors": "^1.0.0",
        "source-map-js": "^1.0.2"
      }
    },
    "prop-types": {
      "version": "15.7.2",
      "resolved": "https://registry.npmjs.org/prop-types/-/prop-types-15.7.2.tgz",
      "integrity": "sha512-8QQikdH7//R2vurIJSutZ1smHYTcLpRWEOlHnzcWHmBYrOGUysKwSsrC89BCiFj3CbrfJ/nXFdJepOVrY1GCHQ==",
      "requires": {
        "loose-envify": "^1.4.0",
        "object-assign": "^4.1.1",
        "react-is": "^16.8.1"
      }
    },
    "rc-align": {
      "version": "4.0.12",
      "resolved": "https://registry.npmjs.org/rc-align/-/rc-align-4.0.12.tgz",
      "integrity": "sha512-3DuwSJp8iC/dgHzwreOQl52soj40LchlfUHtgACOUtwGuoFIOVh6n/sCpfqCU8kO5+iz6qR0YKvjgB8iPdE3aQ==",
      "requires": {
        "@babel/runtime": "^7.10.1",
        "classnames": "2.x",
        "dom-align": "^1.7.0",
        "lodash": "^4.17.21",
        "rc-util": "^5.3.0",
        "resize-observer-polyfill": "^1.5.1"
      }
    },
    "rc-cascader": {
      "version": "3.7.0",
      "resolved": "https://registry.npmjs.org/rc-cascader/-/rc-cascader-3.7.0.tgz",
      "integrity": "sha512-SFtGpwmYN7RaWEAGTS4Rkc62ZV/qmQGg/tajr/7mfIkleuu8ro9Hlk6J+aA0x1YS4zlaZBtTcSaXM01QMiEV/A==",
      "requires": {
        "@babel/runtime": "^7.12.5",
        "array-tree-filter": "^2.1.0",
        "classnames": "^2.3.1",
        "rc-select": "~14.1.0",
        "rc-tree": "~5.7.0",
        "rc-util": "^5.6.1"
      }
    },
    "rc-checkbox": {
      "version": "2.3.2",
      "resolved": "https://registry.npmjs.org/rc-checkbox/-/rc-checkbox-2.3.2.tgz",
      "integrity": "sha512-afVi1FYiGv1U0JlpNH/UaEXdh6WUJjcWokj/nUN2TgG80bfG+MDdbfHKlLcNNba94mbjy2/SXJ1HDgrOkXGAjg==",
      "requires": {
        "@babel/runtime": "^7.10.1",
        "classnames": "^2.2.1"
      }
    },
    "rc-collapse": {
      "version": "3.4.2",
      "resolved": "https://registry.npmjs.org/rc-collapse/-/rc-collapse-3.4.2.tgz",
      "integrity": "sha512-jpTwLgJzkhAgp2Wpi3xmbTbbYExg6fkptL67Uu5LCRVEj6wqmy0DHTjjeynsjOLsppHGHu41t1ELntZ0lEvS/Q==",
      "requires": {
        "@babel/runtime": "^7.10.1",
        "classnames": "2.x",
        "rc-motion": "^2.3.4",
        "rc-util": "^5.2.1",
        "shallowequal": "^1.1.0"
      }
    },
    "rc-dialog": {
      "version": "9.0.2",
      "resolved": "https://registry.npmjs.org/rc-dialog/-/rc-dialog-9.0.2.tgz",
      "integrity": "sha512-s3U+24xWUuB6Bn2Lk/Qt6rufy+uT+QvWkiFhNBcO9APLxcFFczWamaq7x9h8SCuhfc1nHcW4y8NbMsnAjNnWyg==",
      "requires": {
        "@babel/runtime": "^7.10.1",
        "@rc-component/portal": "^1.0.0-8",
        "classnames": "^2.2.6",
        "rc-motion": "^2.3.0",
        "rc-util": "^5.21.0"
      }
    },
    "rc-drawer": {
      "version": "6.0.0",
      "resolved": "https://registry.npmjs.org/rc-drawer/-/rc-drawer-6.0.0.tgz",
      "integrity": "sha512-4k/g1q+yfATY9fgPB7ec+OTj51NF3BW/HzESkGtZNQZurMJr/uAHe0T4nsQ5Xd1ESR0MlS6lbQn4iB+L4sZFOg==",
      "requires": {
        "@babel/runtime": "^7.10.1",
        "@rc-component/portal": "^1.0.0-6",
        "classnames": "^2.2.6",
        "rc-motion": "^2.6.1",
        "rc-util": "^5.21.2"
      }
    },
    "rc-dropdown": {
      "version": "4.0.1",
      "resolved": "https://registry.npmjs.org/rc-dropdown/-/rc-dropdown-4.0.1.tgz",
      "integrity": "sha512-OdpXuOcme1rm45cR0Jzgfl1otzmU4vuBVb+etXM8vcaULGokAKVpKlw8p6xzspG7jGd/XxShvq+N3VNEfk/l5g==",
      "requires": {
        "@babel/runtime": "^7.18.3",
        "classnames": "^2.2.6",
        "rc-trigger": "^5.3.1",
        "rc-util": "^5.17.0"
      }
    },
    "rc-field-form": {
      "version": "1.27.3",
      "resolved": "https://registry.npmjs.org/rc-field-form/-/rc-field-form-1.27.3.tgz",
      "integrity": "sha512-HGqxHnmGQgkPApEcikV4qTg3BLPC82uB/cwBDftDt1pYaqitJfSl5TFTTUMKVEJVT5RqJ2Zi68ME1HmIMX2HAw==",
      "requires": {
        "@babel/runtime": "^7.18.0",
        "async-validator": "^4.1.0",
        "rc-util": "^5.8.0"
      }
    },
    "rc-image": {
      "version": "5.9.0",
      "resolved": "https://registry.npmjs.org/rc-image/-/rc-image-5.9.0.tgz",
      "integrity": "sha512-qyHXhIc7eotsX8HLm0bRaSO5J4Lb2wE/FafFQMJ+SnMtRQy1uKjEwOJ8UADHyyyfikd4WtT4fghN6JxiVCYslA==",
      "requires": {
        "@babel/runtime": "^7.11.2",
        "classnames": "^2.2.6",
        "rc-dialog": "~9.0.0",
        "rc-util": "^5.0.6"
      }
    },
    "rc-input": {
      "version": "0.1.4",
      "resolved": "https://registry.npmjs.org/rc-input/-/rc-input-0.1.4.tgz",
      "integrity": "sha512-FqDdNz+fV2dKNgfXzcSLKvC+jEs1709t7nD+WdfjrdSaOcefpgc7BUJYadc3usaING+b7ediMTfKxuJBsEFbXA==",
      "requires": {
        "@babel/runtime": "^7.11.1",
        "classnames": "^2.2.1",
        "rc-util": "^5.18.1"
      }
    },
    "rc-input-number": {
      "version": "7.3.9",
      "resolved": "https://registry.npmjs.org/rc-input-number/-/rc-input-number-7.3.9.tgz",
      "integrity": "sha512-u0+miS+SATdb6DtssYei2JJ1WuZME+nXaG6XGtR8maNyW5uGDytfDu60OTWLQEb0Anv/AcCzehldV8CKmKyQfA==",
      "requires": {
        "@babel/runtime": "^7.10.1",
        "classnames": "^2.2.5",
        "rc-util": "^5.23.0"
      }
    },
    "rc-mentions": {
      "version": "1.10.0",
      "resolved": "https://registry.npmjs.org/rc-mentions/-/rc-mentions-1.10.0.tgz",
      "integrity": "sha512-oMlYWnwXSxP2NQVlgxOTzuG/u9BUc3ySY78K3/t7MNhJWpZzXTao+/Bic6tyZLuNCO89//hVQJBdaR2rnFQl6Q==",
      "requires": {
        "@babel/runtime": "^7.10.1",
        "classnames": "^2.2.6",
        "rc-menu": "~9.6.0",
        "rc-textarea": "^0.4.0",
        "rc-trigger": "^5.0.4",
        "rc-util": "^5.22.5"
      }
    },
    "rc-menu": {
      "version": "9.6.4",
      "resolved": "https://registry.npmjs.org/rc-menu/-/rc-menu-9.6.4.tgz",
      "integrity": "sha512-6DiNAjxjVIPLZXHffXxxcyE15d4isRL7iQ1ru4MqYDH2Cqc5bW96wZOdMydFtGLyDdnmEQ9jVvdCE9yliGvzkw==",
      "requires": {
        "@babel/runtime": "^7.10.1",
        "classnames": "2.x",
        "rc-motion": "^2.4.3",
        "rc-overflow": "^1.2.0",
        "rc-trigger": "^5.1.2",
        "rc-util": "^5.12.0",
        "shallowequal": "^1.1.0"
      }
    },
    "rc-motion": {
      "version": "2.6.2",
      "resolved": "https://registry.npmjs.org/rc-motion/-/rc-motion-2.6.2.tgz",
      "integrity": "sha512-4w1FaX3dtV749P8GwfS4fYnFG4Rb9pxvCYPc/b2fw1cmlHJWNNgOFIz7ysiD+eOrzJSvnLJWlNQQncpNMXwwpg==",
      "requires": {
        "@babel/runtime": "^7.11.1",
        "classnames": "^2.2.1",
        "rc-util": "^5.21.0"
      }
    },
    "rc-notification": {
      "version": "4.6.1",
      "resolved": "https://registry.npmjs.org/rc-notification/-/rc-notification-4.6.1.tgz",
      "integrity": "sha512-NSmFYwrrdY3+un1GvDAJQw62Xi9LNMSsoQyo95tuaYrcad5Bn9gJUL8AREufRxSQAQnr64u3LtP3EUyLYT6bhw==",
      "requires": {
        "@babel/runtime": "^7.10.1",
        "classnames": "2.x",
        "rc-motion": "^2.2.0",
        "rc-util": "^5.20.1"
      }
    },
    "rc-overflow": {
      "version": "1.2.8",
      "resolved": "https://registry.npmjs.org/rc-overflow/-/rc-overflow-1.2.8.tgz",
      "integrity": "sha512-QJ0UItckWPQ37ZL1dMEBAdY1dhfTXFL9k6oTTcyydVwoUNMnMqCGqnRNA98axSr/OeDKqR6DVFyi8eA5RQI/uQ==",
      "requires": {
        "@babel/runtime": "^7.11.1",
        "classnames": "^2.2.1",
        "rc-resize-observer": "^1.0.0",
        "rc-util": "^5.19.2"
      }
    },
    "rc-pagination": {
      "version": "3.1.17",
      "resolved": "https://registry.npmjs.org/rc-pagination/-/rc-pagination-3.1.17.tgz",
      "integrity": "sha512-/BQ5UxcBnW28vFAcP2hfh+Xg15W0QZn8TWYwdCApchMH1H0CxiaUUcULP8uXcFM1TygcdKWdt3JqsL9cTAfdkQ==",
      "requires": {
        "@babel/runtime": "^7.10.1",
        "classnames": "^2.2.1"
      }
    },
    "rc-picker": {
      "version": "2.6.11",
      "resolved": "https://registry.npmjs.org/rc-picker/-/rc-picker-2.6.11.tgz",
      "integrity": "sha512-INJ7ULu+Kj4UgqbcqE8Q+QpMw55xFf9kkyLBHJFk0ihjJpAV4glialRfqHE7k4KX2BWYPQfpILwhwR14x2EiRQ==",
      "requires": {
        "@babel/runtime": "^7.10.1",
        "classnames": "^2.2.1",
        "date-fns": "2.x",
        "dayjs": "1.x",
        "moment": "^2.24.0",
        "rc-trigger": "^5.0.4",
        "rc-util": "^5.4.0",
        "shallowequal": "^1.1.0"
      }
    },
    "rc-progress": {
      "version": "3.4.1",
      "resolved": "https://registry.npmjs.org/rc-progress/-/rc-progress-3.4.1.tgz",
      "integrity": "sha512-eAFDHXlk8aWpoXl0llrenPMt9qKHQXphxcVsnKs0FHC6eCSk1ebJtyaVjJUzKe0233ogiLDeEFK1Uihz3s67hw==",
      "requires": {
        "@babel/runtime": "^7.10.1",
        "classnames": "^2.2.6",
        "rc-util": "^5.16.1"
      }
    },
    "rc-rate": {
      "version": "2.9.2",
      "resolved": "https://registry.npmjs.org/rc-rate/-/rc-rate-2.9.2.tgz",
      "integrity": "sha512-SaiZFyN8pe0Fgphv8t3+kidlej+cq/EALkAJAc3A0w0XcPaH2L1aggM8bhe1u6GAGuQNAoFvTLjw4qLPGRKV5g==",
      "requires": {
        "@babel/runtime": "^7.10.1",
        "classnames": "^2.2.5",
        "rc-util": "^5.0.1"
      }
    },
    "rc-resize-observer": {
      "version": "1.2.0",
      "resolved": "https://registry.npmjs.org/rc-resize-observer/-/rc-resize-observer-1.2.0.tgz",
      "integrity": "sha512-6W+UzT3PyDM0wVCEHfoW3qTHPTvbdSgiA43buiy8PzmeMnfgnDeb9NjdimMXMl3/TcrvvWl5RRVdp+NqcR47pQ==",
      "requires": {
        "@babel/runtime": "^7.10.1",
        "classnames": "^2.2.1",
        "rc-util": "^5.15.0",
        "resize-observer-polyfill": "^1.5.1"
      }
    },
    "rc-segmented": {
      "version": "2.1.0",
      "resolved": "https://registry.npmjs.org/rc-segmented/-/rc-segmented-2.1.0.tgz",
      "integrity": "sha512-hUlonro+pYoZcwrH6Vm56B2ftLfQh046hrwif/VwLIw1j3zGt52p5mREBwmeVzXnSwgnagpOpfafspzs1asjGw==",
      "requires": {
        "@babel/runtime": "^7.11.1",
        "classnames": "^2.2.1",
        "rc-motion": "^2.4.4",
        "rc-util": "^5.17.0"
      }
    },
    "rc-select": {
      "version": "14.1.13",
      "resolved": "https://registry.npmjs.org/rc-select/-/rc-select-14.1.13.tgz",
      "integrity": "sha512-WMEsC3gTwA1dbzWOdVIXDmWyidYNLq68AwvvUlRROw790uGUly0/vmqDozXrIr0QvN/A3CEULx12o+WtLCAefg==",
      "requires": {
        "@babel/runtime": "^7.10.1",
        "classnames": "2.x",
        "rc-motion": "^2.0.1",
        "rc-overflow": "^1.0.0",
        "rc-trigger": "^5.0.4",
        "rc-util": "^5.16.1",
        "rc-virtual-list": "^3.2.0"
      }
    },
    "rc-slider": {
      "version": "10.0.1",
      "resolved": "https://registry.npmjs.org/rc-slider/-/rc-slider-10.0.1.tgz",
      "integrity": "sha512-igTKF3zBet7oS/3yNiIlmU8KnZ45npmrmHlUUio8PNbIhzMcsh+oE/r2UD42Y6YD2D/s+kzCQkzQrPD6RY435Q==",
      "requires": {
        "@babel/runtime": "^7.10.1",
        "classnames": "^2.2.5",
        "rc-util": "^5.18.1",
        "shallowequal": "^1.1.0"
      }
    },
    "rc-steps": {
      "version": "5.0.0",
      "resolved": "https://registry.npmjs.org/rc-steps/-/rc-steps-5.0.0.tgz",
      "integrity": "sha512-9TgRvnVYirdhbV0C3syJFj9EhCRqoJAsxt4i1rED5o8/ZcSv5TLIYyo4H8MCjLPvbe2R+oBAm/IYBEtC+OS1Rw==",
      "requires": {
        "@babel/runtime": "^7.16.7",
        "classnames": "^2.2.3",
        "rc-util": "^5.16.1"
      }
    },
    "rc-switch": {
      "version": "3.2.2",
      "resolved": "https://registry.npmjs.org/rc-switch/-/rc-switch-3.2.2.tgz",
      "integrity": "sha512-+gUJClsZZzvAHGy1vZfnwySxj+MjLlGRyXKXScrtCTcmiYNPzxDFOxdQ/3pK1Kt/0POvwJ/6ALOR8gwdXGhs+A==",
      "requires": {
        "@babel/runtime": "^7.10.1",
        "classnames": "^2.2.1",
        "rc-util": "^5.0.1"
      }
    },
    "rc-table": {
      "version": "7.26.0",
      "resolved": "https://registry.npmjs.org/rc-table/-/rc-table-7.26.0.tgz",
      "integrity": "sha512-0cD8e6S+DTGAt5nBZQIPFYEaIukn17sfa5uFL98faHlH/whZzD8ii3dbFL4wmUDEL4BLybhYop+QUfZJ4CPvNQ==",
      "requires": {
        "@babel/runtime": "^7.10.1",
        "classnames": "^2.2.5",
        "rc-resize-observer": "^1.1.0",
        "rc-util": "^5.22.5",
        "shallowequal": "^1.1.0"
      }
    },
    "rc-tabs": {
      "version": "12.2.2",
      "resolved": "https://registry.npmjs.org/rc-tabs/-/rc-tabs-12.2.2.tgz",
      "integrity": "sha512-Q26L64pjTiiARL+T59Pi9d4lZsUV2mhC8NQEpVK1a8dxXS9KQPY58tNtlx++o6qHRnZVo/sx22v9BqtM9ZKh7g==",
      "requires": {
        "@babel/runtime": "^7.11.2",
        "classnames": "2.x",
        "rc-dropdown": "~4.0.0",
        "rc-menu": "~9.6.0",
        "rc-motion": "^2.6.2",
        "rc-resize-observer": "^1.0.0",
        "rc-util": "^5.16.0"
      }
    },
    "rc-textarea": {
      "version": "0.4.6",
      "resolved": "https://registry.npmjs.org/rc-textarea/-/rc-textarea-0.4.6.tgz",
      "integrity": "sha512-HEKCu8nouXXayqYelQnhQm8fdH7v92pAQvfVCz+jhIPv2PHTyBxVrmoZJMn3B8cU+wdyuvRGkshngO3/TzBn4w==",
      "requires": {
        "@babel/runtime": "^7.10.1",
        "classnames": "^2.2.1",
        "rc-resize-observer": "^1.0.0",
        "rc-util": "^5.24.4",
        "shallowequal": "^1.1.0"
      }
    },
    "rc-tooltip": {
      "version": "5.2.2",
      "resolved": "https://registry.npmjs.org/rc-tooltip/-/rc-tooltip-5.2.2.tgz",
      "integrity": "sha512-jtQzU/18S6EI3lhSGoDYhPqNpWajMtS5VV/ld1LwyfrDByQpYmw/LW6U7oFXXLukjfDHQ7Ju705A82PRNFWYhg==",
      "requires": {
        "@babel/runtime": "^7.11.2",
        "classnames": "^2.3.1",
        "rc-trigger": "^5.0.0"
      }
    },
    "rc-tree": {
      "version": "5.7.0",
      "resolved": "https://registry.npmjs.org/rc-tree/-/rc-tree-5.7.0.tgz",
      "integrity": "sha512-F+Ewkv/UcutshnVBMISP+lPdHDlcsL+YH/MQDVWbk+QdkfID7vXiwrHMEZn31+2Rbbm21z/HPceGS8PXGMmnQg==",
      "requires": {
        "@babel/runtime": "^7.10.1",
        "classnames": "2.x",
        "rc-motion": "^2.0.1",
        "rc-util": "^5.16.1",
        "rc-virtual-list": "^3.4.8"
      }
    },
    "rc-tree-select": {
      "version": "5.5.3",
      "resolved": "https://registry.npmjs.org/rc-tree-select/-/rc-tree-select-5.5.3.tgz",
      "integrity": "sha512-gv8KyC6J7f9e50OkGk1ibF7v8vL+iaBnA8Ep/EVlMma2/tGdBQXO9xIvPjX8eQrZL5PjoeTUndNPM3cY3721ng==",
      "requires": {
        "@babel/runtime": "^7.10.1",
        "classnames": "2.x",
        "rc-select": "~14.1.0",
        "rc-tree": "~5.7.0",
        "rc-util": "^5.16.1"
      }
    },
    "rc-trigger": {
      "version": "5.3.3",
      "resolved": "https://registry.npmjs.org/rc-trigger/-/rc-trigger-5.3.3.tgz",
      "integrity": "sha512-IC4nuTSAME7RJSgwvHCNDQrIzhvGMKf6NDu5veX+zk1MG7i1UnwTWWthcP9WHw3+FZfP3oZGvkrHFPu/EGkFKw==",
      "requires": {
        "@babel/runtime": "^7.18.3",
        "classnames": "^2.2.6",
        "rc-align": "^4.0.0",
        "rc-motion": "^2.0.0",
        "rc-util": "^5.19.2"
      }
    },
    "rc-upload": {
      "version": "4.3.4",
      "resolved": "https://registry.npmjs.org/rc-upload/-/rc-upload-4.3.4.tgz",
      "integrity": "sha512-uVbtHFGNjHG/RyAfm9fluXB6pvArAGyAx8z7XzXXyorEgVIWj6mOlriuDm0XowDHYz4ycNK0nE0oP3cbFnzxiQ==",
      "requires": {
        "@babel/runtime": "^7.18.3",
        "classnames": "^2.2.5",
        "rc-util": "^5.2.0"
      }
    },
    "rc-util": {
      "version": "5.24.4",
      "resolved": "https://registry.npmjs.org/rc-util/-/rc-util-5.24.4.tgz",
      "integrity": "sha512-2a4RQnycV9eV7lVZPEJ7QwJRPlZNc06J7CwcwZo4vIHr3PfUqtYgl1EkUV9ETAc6VRRi8XZOMFhYG63whlIC9Q==",
      "requires": {
        "@babel/runtime": "^7.18.3",
        "react-is": "^16.12.0",
        "shallowequal": "^1.1.0"
      },
      "dependencies": {
        "react-is": {
          "version": "16.13.1",
          "resolved": "https://registry.npmjs.org/react-is/-/react-is-16.13.1.tgz",
          "integrity": "sha512-24e6ynE2H+OKt4kqsOvNd8kBpV65zoxbA4BVsEOB3ARVWQki/DHzaUoC5KuON/BiccDaCCTZBuOcfZs70kR8bQ=="
        }
      }
    },
    "rc-virtual-list": {
      "version": "3.4.11",
      "resolved": "https://registry.npmjs.org/rc-virtual-list/-/rc-virtual-list-3.4.11.tgz",
      "integrity": "sha512-BvUUH60kkeTBPigN5F89HtGaA5jSP4y2aM6cJ4dk9Y42I9yY+h6i08wF6UKeDcxdfOU8j3I5HxkSS/xA77J3wA==",
      "requires": {
        "@babel/runtime": "^7.20.0",
        "classnames": "^2.2.6",
        "rc-resize-observer": "^1.0.0",
        "rc-util": "^5.15.0"
      }
    },
    "react": {
      "version": "16.13.1",
      "resolved": "https://registry.npmjs.org/react/-/react-16.13.1.tgz",
      "integrity": "sha512-YMZQQq32xHLX0bz5Mnibv1/LHb3Sqzngu7xstSM+vrkE5Kzr9xE0yMByK5kMoTK30YVJE61WfbxIFFvfeDKT1w==",
      "requires": {
        "loose-envify": "^1.1.0",
        "object-assign": "^4.1.1",
        "prop-types": "^15.6.2"
      }
    },
    "react-checkbox-tree": {
      "version": "1.8.0",
      "resolved": "https://registry.npmjs.org/react-checkbox-tree/-/react-checkbox-tree-1.8.0.tgz",
      "integrity": "sha512-ufC4aorihOvjLpvY1beab2hjVLGZbDTFRzw62foG0+th+KX7e/sdmWu/nD1ZS/U5Yr0rWGwedGH5GOtR0IkUXw==",
      "requires": {
        "classnames": "^2.2.5",
        "lodash": "^4.17.10",
        "nanoid": "^3.0.0",
        "prop-types": "^15.5.8"
      }
    },
    "react-dom": {
      "version": "16.13.1",
      "resolved": "https://registry.npmjs.org/react-dom/-/react-dom-16.13.1.tgz",
      "integrity": "sha512-81PIMmVLnCNLO/fFOQxdQkvEq/+Hfpv24XNJfpyZhTRfO0QcmQIF/PgCa1zCOj2w1hrn12MFLyaJ/G0+Mxtfag==",
      "requires": {
        "loose-envify": "^1.1.0",
        "object-assign": "^4.1.1",
        "prop-types": "^15.6.2",
        "scheduler": "^0.19.1"
      }
    },
    "react-is": {
      "version": "16.8.6",
      "resolved": "https://registry.npmjs.org/react-is/-/react-is-16.8.6.tgz",
      "integrity": "sha512-aUk3bHfZ2bRSVFFbbeVS4i+lNPZr3/WM5jT2J5omUVV1zzcs1nAaf3l51ctA5FFvCRbhrH0bdAsRRQddFJZPtA=="
    },
    "react-popper": {
      "version": "1.3.11",
      "resolved": "https://registry.npmjs.org/react-popper/-/react-popper-1.3.11.tgz",
      "integrity": "sha512-VSA/bS+pSndSF2fiasHK/PTEEAyOpX60+H5EPAjoArr8JGm+oihu4UbrqcEBpQibJxBVCpYyjAX7abJ+7DoYVg==",
      "requires": {
        "@babel/runtime": "^7.1.2",
        "@hypnosphi/create-react-context": "^0.3.1",
        "deep-equal": "^1.1.1",
        "popper.js": "^1.14.4",
        "prop-types": "^15.6.1",
        "typed-styles": "^0.0.7",
        "warning": "^4.0.2"
      }
    },
    "regenerator-runtime": {
      "version": "0.13.10",
      "resolved": "https://registry.npmjs.org/regenerator-runtime/-/regenerator-runtime-0.13.10.tgz",
      "integrity": "sha512-KepLsg4dU12hryUO7bp/axHAKvwGOCV0sGloQtpagJ12ai+ojVDqkeGSiRX1zlq+kjIMZ1t7gpze+26QqtdGqw=="
    },
    "regexp.prototype.flags": {
      "version": "1.4.3",
      "resolved": "https://registry.npmjs.org/regexp.prototype.flags/-/regexp.prototype.flags-1.4.3.tgz",
      "integrity": "sha512-fjggEOO3slI6Wvgjwflkc4NFRCTZAu5CnNfBd5qOMYhWdn67nJBBu34/TkD++eeFmd8C9r9jfXJ27+nSiRkSUA==",
      "requires": {
        "call-bind": "^1.0.2",
        "define-properties": "^1.1.3",
        "functions-have-names": "^1.2.2"
      }
    },
    "resize-observer-polyfill": {
      "version": "1.5.1",
      "resolved": "https://registry.npmjs.org/resize-observer-polyfill/-/resize-observer-polyfill-1.5.1.tgz",
      "integrity": "sha512-LwZrotdHOo12nQuZlHEmtuXdqGoOD0OhaxopaNFxWzInpEgaLWoVuAMbTzixuosCx2nEG58ngzW3vxdWoxIgdg=="
    },
    "scheduler": {
      "version": "0.19.1",
      "resolved": "https://registry.npmjs.org/scheduler/-/scheduler-0.19.1.tgz",
      "integrity": "sha512-n/zwRWRYSUj0/3g/otKDRPMh6qv2SYMWNq85IEa8iZyAv8od9zDYpGSnpBEjNgcMNq6Scbu5KfIPxNF72R/2EA==",
      "requires": {
        "loose-envify": "^1.1.0",
        "object-assign": "^4.1.1"
      }
    },
    "scroll-into-view-if-needed": {
      "version": "2.2.29",
      "resolved": "https://registry.npmjs.org/scroll-into-view-if-needed/-/scroll-into-view-if-needed-2.2.29.tgz",
      "integrity": "sha512-hxpAR6AN+Gh53AdAimHM6C8oTN1ppwVZITihix+WqalywBeFcQ6LdQP5ABNl26nX8GTEL7VT+b8lKpdqq65wXg==",
      "requires": {
        "compute-scroll-into-view": "^1.0.17"
      }
    },
    "semantic-ui-css": {
      "version": "2.5.0",
      "resolved": "https://registry.npmjs.org/semantic-ui-css/-/semantic-ui-css-2.5.0.tgz",
      "integrity": "sha512-jIWn3WXXE2uSaWCcB+gVJVRG3masIKtTMNEP2X8Aw909H2rHpXGneYOxzO3hT8TpyvB5/dEEo9mBFCitGwoj1A==",
      "requires": {
        "jquery": "x.*"
      }
    },
    "semantic-ui-react": {
      "version": "0.88.2",
      "resolved": "https://registry.npmjs.org/semantic-ui-react/-/semantic-ui-react-0.88.2.tgz",
      "integrity": "sha512-+02kN2z8PuA/cMdvDUsHhbJmBzxxgOXVHMFr9XK7zGb0wkW9A6OPQMFokWz7ozlVtKjN6r7zsb+Qvjk/qq1OWw==",
      "requires": {
        "@babel/runtime": "^7.1.2",
        "@semantic-ui-react/event-stack": "^3.1.0",
        "@stardust-ui/react-component-event-listener": "~0.38.0",
        "@stardust-ui/react-component-ref": "~0.38.0",
        "classnames": "^2.2.6",
        "keyboard-key": "^1.0.4",
        "lodash": "^4.17.15",
        "prop-types": "^15.7.2",
        "react-is": "^16.8.6",
        "react-popper": "^1.3.4",
        "shallowequal": "^1.1.0"
      }
    },
    "shallowequal": {
      "version": "1.1.0",
      "resolved": "https://registry.npmjs.org/shallowequal/-/shallowequal-1.1.0.tgz",
      "integrity": "sha512-y0m1JoUZSlPAjXVtPPW70aZWfIL/dSP7AFkRnniLCrK/8MDKog3TySTBmckD+RObVxH0v4Tox67+F14PdED2oQ=="
    },
    "source-map-js": {
      "version": "1.0.2",
      "resolved": "https://registry.npmjs.org/source-map-js/-/source-map-js-1.0.2.tgz",
      "integrity": "sha512-R0XvVJ9WusLiqTCEiGCmICCMplcCkIwwR11mOSD9CR5u+IXYdiseeEuXCVAjS54zqwkLcPNnmU4OeJ6tUrWhDw=="
    },
    "string-convert": {
      "version": "0.2.1",
      "resolved": "https://registry.npmjs.org/string-convert/-/string-convert-0.2.1.tgz",
      "integrity": "sha512-u/1tdPl4yQnPBjnVrmdLo9gtuLvELKsAoRapekWggdiQNvvvum+jYF329d84NAa660KQw7pB2n36KrIKVoXa3A=="
    },
    "styled-jsx": {
      "version": "5.1.0",
      "resolved": "https://registry.npmjs.org/styled-jsx/-/styled-jsx-5.1.0.tgz",
      "integrity": "sha512-/iHaRJt9U7T+5tp6TRelLnqBqiaIT0HsO0+vgyj8hK2KUk7aejFqRrumqPUlAqDwAj8IbS/1hk3IhBAAK/FCUQ==",
      "requires": {
        "client-only": "0.0.1"
      }
    },
    "toggle-selection": {
      "version": "1.0.6",
      "resolved": "https://registry.npmjs.org/toggle-selection/-/toggle-selection-1.0.6.tgz",
      "integrity": "sha512-BiZS+C1OS8g/q2RRbJmy59xpyghNBqrr6k5L/uKBGRsTfxmu3ffiRnd8mlGPUVayg8pvfi5urfnu8TU7DVOkLQ=="
    },
    "tslib": {
      "version": "2.4.1",
      "resolved": "https://registry.npmjs.org/tslib/-/tslib-2.4.1.tgz",
      "integrity": "sha512-tGyy4dAjRIEwI7BzsB0lynWgOpfqjUdq91XXAlIWD2OwKBH7oCl/GZG/HT4BOHrTlPMOASlMQ7veyTqpmRcrNA=="
    },
    "typed-styles": {
      "version": "0.0.7",
      "resolved": "https://registry.npmjs.org/typed-styles/-/typed-styles-0.0.7.tgz",
      "integrity": "sha512-pzP0PWoZUhsECYjABgCGQlRGL1n7tOHsgwYv3oIiEpJwGhFTuty/YNeduxQYzXXa3Ge5BdT6sHYIQYpl4uJ+5Q=="
    },
    "use-sync-external-store": {
      "version": "1.2.0",
      "resolved": "https://registry.npmjs.org/use-sync-external-store/-/use-sync-external-store-1.2.0.tgz",
      "integrity": "sha512-eEgnFxGQ1Ife9bzYs6VLi8/4X6CObHMw9Qr9tPY43iKwsPw8xE8+EFsf/2cFZ5S3esXgpWgtSCtLNS41F+sKPA=="
    },
    "warning": {
      "version": "4.0.3",
      "resolved": "https://registry.npmjs.org/warning/-/warning-4.0.3.tgz",
      "integrity": "sha512-rpJyN222KWIvHJ/F53XSZv0Zl/accqHR8et1kpaMTD/fLCRxtV8iX8czMzY7sVZupTI3zcUTg8eycS2kNF9l6w==",
      "requires": {
        "loose-envify": "^1.0.0"
      }
    }
  }
}
